github.com/at-wat/ebml-go v0.0.1 h1:4KpfGw+PZr5q77GwEwYoNDPK+N4M//+ZetTf22qGtIw=
github.com/at-wat/ebml-go v0.0.1/go.mod h1:w1cJs7zmGsb5nnSvhWGKLCxvfu4FVx5ERvYDIalj1ww=
github.com/at-wat/mqtt-go v0.11.0 h1:G/KYqTYFpvQkOEWBHiXPEzm8tBPt5L02dH5zbJ4eAb4=
github.com/at-wat/mqtt-go v0.11.0/go.mod h1:FQeh8eNmQ7bAq++hfe/5AgV+R9D+6EWcaY72t/rTd+Q=
github.com/aws/aws-sdk-go-v2 v1.5.0 h1:o0TprBiEkqtMGD2Ira1VCq3zwWej256zHLSRcd+cxUA=
github.com/aws/aws-sdk-go-v2 v1.5.0/go.mod h1:tI4KhsR5VkzlUa2DZAdwx7wCAYGwkZZ1H31PYrBFx1w=
github.com/aws/aws-sdk-go-v2/config v1.2.0 h1:3JVWs+ilru3/5Zq6KbuQj8aqp7DW+Uw/wv6gCYZ2UnI=
github.com/aws/aws-sdk-go-v2/config v1.2.0/go.mod h1:JgPbg7YzzczkGu1Zi0hHVKYXVzx4OTKnNSD+h+qlpLw=
github.com/aws/aws-sdk-go-v2/credentials v1.2.0 h1:NxD//04/Y4nid+Slj8JjouisY/DAYjjXW4lqWNkBaO8=
github.com/aws/aws-sdk-go-v2/credentials v1.2.0/go.mod h1:3Xxgc7WsldLnLnPSRcNOT5eVRgb55Kkgp8mE5kAmLrU=
github.com/aws/aws-sdk-go-v2/feature/ec2/imds v1.1.0 h1:EVNLR3OULDnvp92ISADQwZwVsdz7dasl1MCneUVJQnQ=
github.com/aws/aws-sdk-go-v2/feature/ec2/imds v1.1.0/go.mod h1:GOKx1449nzMoUdTKrP41RsPn1hogOaxb+5MaoOiZgqc=
github.com/aws/aws-sdk-go-v2/service/internal/presigned-url v1.1.0 h1:i+cyzgQbk02N3pbwBTwjOChoDuIxsGdE6ucD2ZLVnJQ=
github.com/aws/aws-sdk-go-v2/service/internal/presigned-url v1.1.0/go.mod h1:mruB7K2oMCoU0WhUeTV1CxpqoP7Q0N1uo5TXH4r2dZA=
github.com/aws/aws-sdk-go-v2/service/sso v1.2.0 h1:6cTVa8anc914VgJzca8Jd0ewA7Y5fbEFheXqidum0tg=
github.com/aws/aws-sdk-go-v2/service/sso v1.2.0/go.mod h1:5qnaL4AtNElFr+a5mdkvD+89jGwpTVyWWX5W/eLzmes=
github.com/aws/aws-sdk-go-v2/service/sts v1.4.0 h1:pcnLXm4eMWUgqfbjsRyeSz90CKunJUmre+trKJx/FAk=
github.com/aws/aws-sdk-go-v2/service/sts v1.4.0/go.mod h1:VJE1MpZYuhpWfOVmz7xFou78H5uJc7RX+8CKpbRaG9k=
github.com/aws/smithy-go v1.4.0 h1:3rsQpgRe+OoQgJhEwGNpIkosl0fJLdmQqF4gSFRjg+4=
github.com/aws/smithy-go v1.4.0/go.mod h1:SObp3lf9smib00L/v3U2eAKG8FyQ7iLrJnQiAmR5n+E=
github.com/davecgh/go-spew v1.1.0/go.mod h1:J7Y8YcW2NihsgmVo/mv3lAwl/skON4iLHjSsI+c5H38=
github.com/golang/protobuf v1.3.2/go.mod h1:6lQm79b+lXiMfvg/cZm0SGofjICqVBUtrP5yJMmIC1U=
github.com/google/go-cmp v0.5.4/go.mod h1:v8dTdLbMG2kIc/vJvl+f65V22dbkXbowE6jgT/gNBxE=
github.com/google/go-cmp v0.5.6 h1:BKbKCqvP6I+rmFHt06ZmyQtvB8xAkWdhFyr0ZUNZcxQ=
github.com/google/go-cmp v0.5.6/go.mod h1:v8dTdLbMG2kIc/vJvl+f65V22dbkXbowE6jgT/gNBxE=
github.com/google/go-github/v35 v35.3.0 h1:fU+WBzuukn0VssbayTT+Zo3/ESKX9JYWjbZTLOTEyho=
github.com/google/go-github/v35 v35.3.0/go.mod h1:yWB7uCcVWaUbUP74Aq3whuMySRMatyRmq5U9FTNlbio=
github.com/google/go-querystring v1.0.0 h1:Xkwi/a1rcvNg1PPYe5vI8GbeBY/jrVuDX5ASuANWTrk=
github.com/google/go-querystring v1.0.0/go.mod h1:odCYkC5MyYFN7vkCjXpyrEuKhc/BUO6wN/zVPAxq5ck=
github.com/jmespath/go-jmespath v0.4.0/go.mod h1:T8mJZnbsbmF+m6zOOFylbeCJqk5+pHWvzYPziyZiYoo=
github.com/jmespath/go-jmespath/internal/testify v1.5.1/go.mod h1:L3OGu8Wl2/fWfCI6z80xFu9LTZmf1ZRjMHUOPmWr69U=
github.com/pmezard/go-difflib v1.0.0/go.mod h1:iKH77koFhYxTK1pcRnkKkqfTogsbg7gZNVY4sRDYZ/4=
github.com/stretchr/objx v0.1.0/go.mod h1:HFkY916IF+rwdDfMAkV7OtwuqBVzrE8GR6GFx+wExME=
golang.org/x/crypto v0.0.0-20190308221718-c2843e01d9a2/go.mod h1:djNgcEr1/C05ACkg1iLfiJU5Ep61QUkGW8qpdssI0+w=
golang.org/x/crypto v0.0.0-20200622213623-75b288015ac9 h1:psW17arqaxU48Z5kZ0CQnkZWQJsqcURM6tKiBApRjXI=
golang.org/x/crypto v0.0.0-20200622213623-75b288015ac9/go.mod h1:LzIPMQfyMNhhGPhUkYOs5KpL4U8rLKemX1yGLhDgUto=
golang.org/x/net v0.0.0-20190311183353-d8887717615a/go.mod h1:t9HGtf8HONx5eT2rtn7q6eTqICYqUVnKs3thJo3Qplg=
golang.org/x/net v0.0.0-20190404232315-eb5bcb51f2a3/go.mod h1:t9HGtf8HONx5eT2rtn7q6eTqICYqUVnKs3thJo3Qplg=
golang.org/x/net v0.0.0-20200707034311-ab3426394381 h1:VXak5I6aEWmAXeQjA+QSZzlgNrpq9mjcfDemuexIKsU=
golang.org/x/net v0.0.0-20200707034311-ab3426394381/go.mod h1:/O7V0waA8r7cgGh81Ro3o1hOxt32SMVPicZroKQ2sZA=
golang.org/x/oauth2 v0.0.0-20180821212333-d2e6202438be/go.mod h1:N/0e6XlmueqKjAGxoOufVs8QHGRruUQn6yWY3a++T0U=
golang.org/x/sys v0.0.0-20190215142949-d0b11bdaac8a/go.mod h1:STP8DvDyc/dI5b8T5hshtkjS+E42TnysNCUPdjciGhY=
golang.org/x/sys v0.0.0-20190412213103-97732733099d/go.mod h1:h1NjWce9XRLGQEsW7wpKNCjG9DtNlClVuFLEZdDNbEs=
golang.org/x/sys v0.0.0-20200323222414-85ca7c5b95cd/go.mod h1:h1NjWce9XRLGQEsW7wpKNCjG9DtNlClVuFLEZdDNbEs=
golang.org/x/text v0.3.0/go.mod h1:NqM8EUOU14njkJ3fqMW+pc6Ldnwhi/IjpwHt7yyuwOQ=
golang.org/x/xerrors v0.0.0-20191204190536-9bdfabe68543 h1:E7g+9GITq07hpfrRu66IVDexMakfv52eLZ2CXBWiKr4=
golang.org/x/xerrors v0.0.0-20191204190536-9bdfabe68543/go.mod h1:I/5z698sn9Ka8TeJc9MKroUUfqBBauWjQqLJ2OPfmY0=
google.golang.org/appengine v1.1.0/go.mod h1:EbEs0AVv82hx2wNQdGPgUI5lhzA/G0D9YwlJXL52JkM=
gopkg.in/check.v1 v0.0.0-20161208181325-20d25e280405/go.mod h1:Co6ibVJAznAaIkqp8huTwlJQCZ016jof/cbN4VW5Yz0=
gopkg.in/yaml.v2 v2.2.8/go.mod h1:hI93XBmqTisBFMUTm0b8Fm+jr3Dg1NNxqwp+5A1VGuI=
